
Microsoft Visual Studio Solution File, Format Version 12.00
# Visual Studio Version 17
VisualStudioVersion = 17.7.34024.191
MinimumVisualStudioVersion = 10.0.40219.1
Project("{FAE04EC0-301F-11D3-BF4B-00C04F79EFBC}") = "WebApi", "WebApi\WebApi.csproj", "{EDBD0867-44A4-4D18-B011-0C54C91706FF}"
EndProject
Project("{FAE04EC0-301F-11D3-BF4B-00C04F79EFBC}") = "Core", "Core\Core.csproj", "{743FA22F-8A72-4FE4-AB9A-D8E38E98B9A3}"
EndProject
Project("{FAE04EC0-301F-11D3-BF4B-00C04F79EFBC}") = "Data", "Data\Data.csproj", "{0A18E0D7-D513-4F14-879E-27199AC83349}"
EndProject
Project("{FAE04EC0-301F-11D3-BF4B-00C04F79EFBC}") = "Services", "Services\Services.csproj", "{3CC17E80-1625-4332-9483-079C90C4851E}"
EndProject
Global
	GlobalSection(SolutionConfigurationPlatforms) = preSolution
		Debug|Any CPU = Debug|Any CPU
		Release|Any CPU = Release|Any CPU
	EndGlobalSection
	GlobalSection(ProjectConfigurationPlatforms) = postSolution
		{EDBD0867-44A4-4D18-B011-0C54C91706FF}.Debug|Any CPU.ActiveCfg = Debug|Any CPU
		{EDBD0867-44A4-4D18-B011-0C54C91706FF}.Debug|Any CPU.Build.0 = Debug|Any CPU
		{EDBD0867-44A4-4D18-B011-0C54C91706FF}.Release|Any CPU.ActiveCfg = Release|Any CPU
		{EDBD0867-44A4-4D18-B011-0C54C91706FF}.Release|Any CPU.Build.0 = Release|Any CPU
		{743FA22F-8A72-4FE4-AB9A-D8E38E98B9A3}.Debug|Any CPU.ActiveCfg = Debug|Any CPU
		{743FA22F-8A72-4FE4-AB9A-D8E38E98B9A3}.Debug|Any CPU.Build.0 = Debug|Any CPU
		{743FA22F-8A72-4FE4-AB9A-D8E38E98B9A3}.Release|Any CPU.ActiveCfg = Release|Any CPU
		{743FA22F-8A72-4FE4-AB9A-D8E38E98B9A3}.Release|Any CPU.Build.0 = Release|Any CPU
		{0A18E0D7-D513-4F14-879E-27199AC83349}.Debug|Any CPU.ActiveCfg = Debug|Any CPU
		{0A18E0D7-D513-4F14-879E-27199AC83349}.Debug|Any CPU.Build.0 = Debug|Any CPU
		{0A18E0D7-D513-4F14-879E-27199AC83349}.Release|Any CPU.ActiveCfg = Release|Any CPU
		{0A18E0D7-D513-4F14-879E-27199AC83349}.Release|Any CPU.Build.0 = Release|Any CPU
		{3CC17E80-1625-4332-9483-079C90C4851E}.Debug|Any CPU.ActiveCfg = Debug|Any CPU
		{3CC17E80-1625-4332-9483-079C90C4851E}.Debug|Any CPU.Build.0 = Debug|Any CPU
		{3CC17E80-1625-4332-9483-079C90C4851E}.Release|Any CPU.ActiveCfg = Release|Any CPU
		{3CC17E80-1625-4332-9483-079C90C4851E}.Release|Any CPU.Build.0 = Release|Any CPU
	EndGlobalSection
	GlobalSection(SolutionProperties) = preSolution
		HideSolutionNode = FALSE
	EndGlobalSection
	GlobalSection(ExtensibilityGlobals) = postSolution
		SolutionGuid = {F59BF935-2ACD-41BD-9CD3-D404D2714F3C}
	EndGlobalSection
EndGlobal
